# This file is automatically @generated by Poetry 1.8.5 and should not be changed by hand.

[[package]]
name = "anyio"
version = "4.9.0"
description = "High level compatibility layer for multiple asynchronous event loop implementations"
optional = false
python-versions = ">=3.9"
files = [
    {file = "anyio-4.9.0-py3-none-any.whl", hash = "sha256:9f76d541cad6e36af7beb62e978876f3b41e3e04f2c1fbf0884604c0a9c4d93c"},
    {file = "anyio-4.9.0.tar.gz", hash = "sha256:673c0c244e15788651a4ff38710fea9675823028a6f08a5eda409e0c9840a028"},
]

[package.dependencies]
exceptiongroup = {version = ">=1.0.2", markers = "python_version < \"3.11\""}
idna = ">=2.8"
sniffio = ">=1.1"
typing_extensions = {version = ">=4.5", markers = "python_version < \"3.13\""}

[package.extras]
doc = ["Sphinx (>=8.2,<9.0)", "packaging", "sphinx-autodoc-typehints (>=1.2.0)", "sphinx_rtd_theme"]
test = ["anyio[trio]", "blockbuster (>=1.5.23)", "coverage[toml] (>=7)", "exceptiongroup (>=1.2.0)", "hypothesis (>=4.0)", "psutil (>=5.9)", "pytest (>=7.0)", "trustme", "truststore (>=0.9.1)", "uvloop (>=0.21)"]
trio = ["trio (>=0.26.1)"]

[[package]]
name = "apscheduler"
version = "3.11.0"
description = "In-process task scheduler with Cron-like capabilities"
optional = false
python-versions = ">=3.8"
files = [
    {file = "APScheduler-3.11.0-py3-none-any.whl", hash = "sha256:fc134ca32e50f5eadcc4938e3a4545ab19131435e851abb40b34d63d5141c6da"},
    {file = "apscheduler-3.11.0.tar.gz", hash = "sha256:4c622d250b0955a65d5d0eb91c33e6d43fd879834bf541e0a18661ae60460133"},
]

[package.dependencies]
tzlocal = ">=3.0"

[package.extras]
doc = ["packaging", "sphinx", "sphinx-rtd-theme (>=1.3.0)"]
etcd = ["etcd3", "protobuf (<=3.21.0)"]
gevent = ["gevent"]
mongodb = ["pymongo (>=3.0)"]
redis = ["redis (>=3.0)"]
rethinkdb = ["rethinkdb (>=2.4.0)"]
sqlalchemy = ["sqlalchemy (>=1.4)"]
test = ["APScheduler[etcd,mongodb,redis,rethinkdb,sqlalchemy,tornado,zookeeper]", "PySide6", "anyio (>=4.5.2)", "gevent", "pytest", "pytz", "twisted"]
tornado = ["tornado (>=4.3)"]
twisted = ["twisted"]
zookeeper = ["kazoo"]

[[package]]
name = "autopep8"
version = "2.3.1"
description = "A tool that automatically formats Python code to conform to the PEP 8 style guide"
optional = false
python-versions = ">=3.8"
files = [
    {file = "autopep8-2.3.1-py2.py3-none-any.whl", hash = "sha256:a203fe0fcad7939987422140ab17a930f684763bf7335bdb6709991dd7ef6c2d"},
    {file = "autopep8-2.3.1.tar.gz", hash = "sha256:8d6c87eba648fdcfc83e29b788910b8643171c395d9c4bcf115ece035b9c9dda"},
]

[package.dependencies]
pycodestyle = ">=2.12.0"
tomli = {version = "*", markers = "python_version < \"3.11\""}

[[package]]
name = "certifi"
version = "2025.4.26"
description = "Python package for providing Mozilla's CA Bundle."
optional = false
python-versions = ">=3.6"
files = [
    {file = "certifi-2025.4.26-py3-none-any.whl", hash = "sha256:30350364dfe371162649852c63336a15c70c6510c2ad5015b21c2345311805f3"},
    {file = "certifi-2025.4.26.tar.gz", hash = "sha256:0a816057ea3cdefcef70270d2c515e4506bbc954f417fa5ade2021213bb8f0c6"},
]

[[package]]
name = "colorama"
version = "0.4.6"
description = "Cross-platform colored terminal text."
optional = false
python-versions = "!=3.0.*,!=3.1.*,!=3.2.*,!=3.3.*,!=3.4.*,!=3.5.*,!=3.6.*,>=2.7"
files = [
    {file = "colorama-0.4.6-py2.py3-none-any.whl", hash = "sha256:4f1d9991f5acc0ca119f9d443620b77f9d6b33703e51011c16baf57afb285fc6"},
    {file = "colorama-0.4.6.tar.gz", hash = "sha256:08695f5cb7ed6e0531a20572697297273c47b8cae5a63ffc6d6ed5c201be6e44"},
]

[[package]]
name = "dnspython"
version = "2.7.0"
description = "DNS toolkit"
optional = false
python-versions = ">=3.9"
files = [
    {file = "dnspython-2.7.0-py3-none-any.whl", hash = "sha256:b4c34b7d10b51bcc3a5071e7b8dee77939f1e878477eeecc965e9835f63c6c86"},
    {file = "dnspython-2.7.0.tar.gz", hash = "sha256:ce9c432eda0dc91cf618a5cedf1a4e142651196bbcd2c80e89ed5a907e5cfaf1"},
]

[package.extras]
dev = ["black (>=23.1.0)", "coverage (>=7.0)", "flake8 (>=7)", "hypercorn (>=0.16.0)", "mypy (>=1.8)", "pylint (>=3)", "pytest (>=7.4)", "pytest-cov (>=4.1.0)", "quart-trio (>=0.11.0)", "sphinx (>=7.2.0)", "sphinx-rtd-theme (>=2.0.0)", "twine (>=4.0.0)", "wheel (>=0.42.0)"]
dnssec = ["cryptography (>=43)"]
doh = ["h2 (>=4.1.0)", "httpcore (>=1.0.0)", "httpx (>=0.26.0)"]
doq = ["aioquic (>=1.0.0)"]
idna = ["idna (>=3.7)"]
trio = ["trio (>=0.23)"]
wmi = ["wmi (>=1.5.1)"]

[[package]]
name = "exceptiongroup"
version = "1.3.0"
description = "Backport of PEP 654 (exception groups)"
optional = false
python-versions = ">=3.7"
files = [
    {file = "exceptiongroup-1.3.0-py3-none-any.whl", hash = "sha256:4d111e6e0c13d0644cad6ddaa7ed0261a0b36971f6d23e7ec9b4b9097da78a10"},
    {file = "exceptiongroup-1.3.0.tar.gz", hash = "sha256:b241f5885f560bc56a59ee63ca4c6a8bfa46ae4ad651af316d4e81817bb9fd88"},
]

[package.dependencies]
typing-extensions = {version = ">=4.6.0", markers = "python_version < \"3.13\""}

[package.extras]
test = ["pytest (>=6)"]

[[package]]
name = "flake8"
version = "7.1.2"
description = "the modular source code checker: pep8 pyflakes and co"
optional = false
python-versions = ">=3.8.1"
files = [
    {file = "flake8-7.1.2-py2.py3-none-any.whl", hash = "sha256:1cbc62e65536f65e6d754dfe6f1bada7f5cf392d6f5db3c2b85892466c3e7c1a"},
    {file = "flake8-7.1.2.tar.gz", hash = "sha256:c586ffd0b41540951ae41af572e6790dbd49fc12b3aa2541685d253d9bd504bd"},
]

[package.dependencies]
mccabe = ">=0.7.0,<0.8.0"
pycodestyle = ">=2.12.0,<2.13.0"
pyflakes = ">=3.2.0,<3.3.0"

[[package]]
name = "h11"
version = "0.16.0"
description = "A pure-Python, bring-your-own-I/O implementation of HTTP/1.1"
optional = false
python-versions = ">=3.8"
files = [
    {file = "h11-0.16.0-py3-none-any.whl", hash = "sha256:63cf8bbe7522de3bf65932fda1d9c2772064ffb3dae62d55932da54b31cb6c86"},
    {file = "h11-0.16.0.tar.gz", hash = "sha256:4e35b956cf45792e4caa5885e69fba00bdbc6ffafbfa020300e549b208ee5ff1"},
]

[[package]]
name = "httpcore"
version = "1.0.9"
description = "A minimal low-level HTTP client."
optional = false
python-versions = ">=3.8"
files = [
    {file = "httpcore-1.0.9-py3-none-any.whl", hash = "sha256:2d400746a40668fc9dec9810239072b40b4484b640a8c38fd654a024c7a1bf55"},
    {file = "httpcore-1.0.9.tar.gz", hash = "sha256:6e34463af53fd2ab5d807f399a9b45ea31c3dfa2276f15a2c3f00afff6e176e8"},
]

[package.dependencies]
certifi = "*"
h11 = ">=0.16"

[package.extras]
asyncio = ["anyio (>=4.0,<5.0)"]
http2 = ["h2 (>=3,<5)"]
socks = ["socksio (==1.*)"]
trio = ["trio (>=0.22.0,<1.0)"]

[[package]]
name = "httpx"
version = "0.28.1"
description = "The next generation HTTP client."
optional = false
python-versions = ">=3.8"
files = [
    {file = "httpx-0.28.1-py3-none-any.whl", hash = "sha256:d909fcccc110f8c7faf814ca82a9a4d816bc5a6dbfea25d6591d6985b8ba59ad"},
    {file = "httpx-0.28.1.tar.gz", hash = "sha256:75e98c5f16b0f35b567856f597f06ff2270a374470a5c2392242528e3e3e42fc"},
]

[package.dependencies]
anyio = "*"
certifi = "*"
httpcore = "==1.*"
idna = "*"

[package.extras]
brotli = ["brotli", "brotlicffi"]
cli = ["click (==8.*)", "pygments (==2.*)", "rich (>=10,<14)"]
http2 = ["h2 (>=3,<5)"]
socks = ["socksio (==1.*)"]
zstd = ["zstandard (>=0.18.0)"]

[[package]]
name = "idna"
version = "3.10"
description = "Internationalized Domain Names in Applications (IDNA)"
optional = false
python-versions = ">=3.6"
files = [
    {file = "idna-3.10-py3-none-any.whl", hash = "sha256:946d195a0d259cbba61165e88e65941f16e9b36ea6ddb97f00452bae8b1287d3"},
    {file = "idna-3.10.tar.gz", hash = "sha256:12f65c9b470abda6dc35cf8e63cc574b1c52b11df2c86030af0ac09b01b13ea9"},
]

[package.extras]
all = ["flake8 (>=7.1.1)", "mypy (>=1.11.2)", "pytest (>=8.3.2)", "ruff (>=0.6.2)"]

[[package]]
name = "iniconfig"
version = "2.1.0"
description = "brain-dead simple config-ini parsing"
optional = false
python-versions = ">=3.8"
files = [
    {file = "iniconfig-2.1.0-py3-none-any.whl", hash = "sha256:9deba5723312380e77435581c6bf4935c94cbfab9b1ed33ef8d238ea168eb760"},
    {file = "iniconfig-2.1.0.tar.gz", hash = "sha256:3abbd2e30b36733fee78f9c7f7308f2d0050e88f0087fd25c2645f63c773e1c7"},
]

[[package]]
name = "mccabe"
version = "0.7.0"
description = "McCabe checker, plugin for flake8"
optional = false
python-versions = ">=3.6"
files = [
    {file = "mccabe-0.7.0-py2.py3-none-any.whl", hash = "sha256:6c2d30ab6be0e4a46919781807b4f0d834ebdd6c6e3dca0bda5a15f863427b6e"},
    {file = "mccabe-0.7.0.tar.gz", hash = "sha256:348e0240c33b60bbdf4e523192ef919f28cb2c3d7d5c7794f74009290f236325"},
]

[[package]]
name = "packaging"
version = "25.0"
description = "Core utilities for Python packages"
optional = false
python-versions = ">=3.8"
files = [
    {file = "packaging-25.0-py3-none-any.whl", hash = "sha256:29572ef2b1f17581046b3a2227d5c611fb25ec70ca1ba8554b24b0e69331a484"},
    {file = "packaging-25.0.tar.gz", hash = "sha256:d443872c98d677bf60f6a1f2f8c1cb748e8fe762d2bf9d3148b5599295b0fc4f"},
]

[[package]]
name = "pluggy"
version = "1.6.0"
description = "plugin and hook calling mechanisms for python"
optional = false
python-versions = ">=3.9"
files = [
    {file = "pluggy-1.6.0-py3-none-any.whl", hash = "sha256:e920276dd6813095e9377c0bc5566d94c932c33b27a3e3945d8389c374dd4746"},
    {file = "pluggy-1.6.0.tar.gz", hash = "sha256:7dcc130b76258d33b90f61b658791dede3486c3e6bfb003ee5c9bfb396dd22f3"},
]

[package.extras]
dev = ["pre-commit", "tox"]
testing = ["coverage", "pytest", "pytest-benchmark"]

[[package]]
name = "pycodestyle"
version = "2.12.1"
description = "Python style guide checker"
optional = false
python-versions = ">=3.8"
files = [
    {file = "pycodestyle-2.12.1-py2.py3-none-any.whl", hash = "sha256:46f0fb92069a7c28ab7bb558f05bfc0110dac69a0cd23c61ea0040283a9d78b3"},
    {file = "pycodestyle-2.12.1.tar.gz", hash = "sha256:6838eae08bbce4f6accd5d5572075c63626a15ee3e6f842df996bf62f6d73521"},
]

[[package]]
name = "pyflakes"
version = "3.2.0"
description = "passive checker of Python programs"
optional = false
python-versions = ">=3.8"
files = [
    {file = "pyflakes-3.2.0-py2.py3-none-any.whl", hash = "sha256:84b5be138a2dfbb40689ca07e2152deb896a65c3a3e24c251c5c62489568074a"},
    {file = "pyflakes-3.2.0.tar.gz", hash = "sha256:1c61603ff154621fb2a9172037d84dca3500def8c8b630657d1701f026f8af3f"},
]

[[package]]
name = "pymongo"
version = "4.3.3"
description = "Python driver for MongoDB <http://www.mongodb.org>"
optional = false
python-versions = ">=3.7"
files = [
    {file = "pymongo-4.3.3-cp310-cp310-macosx_10_9_universal2.whl", hash = "sha256:74731c9e423c93cbe791f60c27030b6af6a948cef67deca079da6cd1bb583a8e"},
    {file = "pymongo-4.3.3-cp310-cp310-manylinux1_i686.whl", hash = "sha256:66413c50d510e5bcb0afc79880d1693a2185bcea003600ed898ada31338c004e"},
    {file = "pymongo-4.3.3-cp310-cp310-manylinux2014_aarch64.whl", hash = "sha256:9b87b23570565a6ddaa9244d87811c2ee9cffb02a753c8a2da9c077283d85845"},
    {file = "pymongo-4.3.3-cp310-cp310-manylinux2014_i686.whl", hash = "sha256:695939036a320f4329ccf1627edefbbb67cc7892b8222d297b0dd2313742bfee"},
    {file = "pymongo-4.3.3-cp310-cp310-manylinux2014_ppc64le.whl", hash = "sha256:ffcc8394123ea8d43fff8e5d000095fe7741ce3f8988366c5c919c4f5eb179d3"},
    {file = "pymongo-4.3.3-cp310-cp310-manylinux2014_s390x.whl", hash = "sha256:943f208840777f34312c103a2d1caab02d780c4e9be26b3714acf6c4715ba7e1"},
    {file = "pymongo-4.3.3-cp310-cp310-manylinux2014_x86_64.whl", hash = "sha256:01f7cbe88d22440b6594c955e37312d932fd632ffed1a86d0c361503ca82cc9d"},
    {file = "pymongo-4.3.3-cp310-cp310-manylinux_2_17_aarch64.manylinux2014_aarch64.whl", hash = "sha256:cdb87309de97c63cb9a69132e1cb16be470e58cffdfbad68fdd1dc292b22a840"},
    {file = "pymongo-4.3.3-cp310-cp310-manylinux_2_17_ppc64le.manylinux2014_ppc64le.whl", hash = "sha256:d86c35d94b5499689354ccbc48438a79f449481ee6300f3e905748edceed78e7"},
    {file = "pymongo-4.3.3-cp310-cp310-manylinux_2_17_s390x.manylinux2014_s390x.whl", hash = "sha256:a966d5304b7d90c45c404914e06bbf02c5bf7e99685c6c12f0047ef2aa837142"},
    {file = "pymongo-4.3.3-cp310-cp310-manylinux_2_17_x86_64.manylinux2014_x86_64.whl", hash = "sha256:be1d2ce7e269215c3ee9a215e296b7a744aff4f39233486d2c4d77f5f0c561a6"},
    {file = "pymongo-4.3.3-cp310-cp310-manylinux_2_5_i686.manylinux1_i686.manylinux_2_17_i686.manylinux2014_i686.whl", hash = "sha256:55b6163dac53ef1e5d834297810c178050bd0548a4136cd4e0f56402185916ca"},
    {file = "pymongo-4.3.3-cp310-cp310-win32.whl", hash = "sha256:dc0cff74cd36d7e1edba91baa09622c35a8a57025f2f2b7a41e3f83b1db73186"},
    {file = "pymongo-4.3.3-cp310-cp310-win_amd64.whl", hash = "sha256:cafa52873ae12baa512a8721afc20de67a36886baae6a5f394ddef0ce9391f91"},
    {file = "pymongo-4.3.3-cp311-cp311-macosx_10_9_universal2.whl", hash = "sha256:599d3f6fbef31933b96e2d906b0f169b3371ff79ea6aaf6ecd76c947a3508a3d"},
    {file = "pymongo-4.3.3-cp311-cp311-manylinux_2_17_aarch64.manylinux2014_aarch64.whl", hash = "sha256:c0640b4e9d008e13956b004d1971a23377b3d45491f87082161c92efb1e6c0d6"},
    {file = "pymongo-4.3.3-cp311-cp311-manylinux_2_17_ppc64le.manylinux2014_ppc64le.whl", hash = "sha256:341221e2f2866a5960e6f8610f4cbac0bb13097f3b1a289aa55aba984fc0d969"},
    {file = "pymongo-4.3.3-cp311-cp311-manylinux_2_17_s390x.manylinux2014_s390x.whl", hash = "sha256:e7fac06a539daef4fcf5d8288d0d21b412f9b750454cd5a3cf90484665db442a"},
    {file = "pymongo-4.3.3-cp311-cp311-manylinux_2_17_x86_64.manylinux2014_x86_64.whl", hash = "sha256:d3a51901066696c4af38c6c63a1f0aeffd5e282367ff475de8c191ec9609b56d"},
    {file = "pymongo-4.3.3-cp311-cp311-manylinux_2_5_i686.manylinux1_i686.manylinux_2_17_i686.manylinux2014_i686.whl", hash = "sha256:f3055510fdfdb1775bc8baa359783022f70bb553f2d46e153c094dfcb08578ff"},
    {file = "pymongo-4.3.3-cp311-cp311-win32.whl", hash = "sha256:524d78673518dcd352a91541ecd2839c65af92dc883321c2109ef6e5cd22ef23"},
    {file = "pymongo-4.3.3-cp311-cp311-win_amd64.whl", hash = "sha256:b8a03af1ce79b902a43f5f694c4ca8d92c2a4195db0966f08f266549e2fc49bc"},
    {file = "pymongo-4.3.3-cp37-cp37m-macosx_10_6_intel.whl", hash = "sha256:39b03045c71f761aee96a12ebfbc2f4be89e724ff6f5e31c2574c1a0e2add8bd"},
    {file = "pymongo-4.3.3-cp37-cp37m-manylinux1_i686.whl", hash = "sha256:6fcfbf435eebf8a1765c6d1f46821740ebe9f54f815a05c8fc30d789ef43cb12"},
    {file = "pymongo-4.3.3-cp37-cp37m-manylinux1_x86_64.whl", hash = "sha256:7d43ac9c7eeda5100fb0a7152fab7099c9cf9e5abd3bb36928eb98c7d7a339c6"},
    {file = "pymongo-4.3.3-cp37-cp37m-manylinux2014_aarch64.whl", hash = "sha256:3b93043b14ba7eb08c57afca19751658ece1cfa2f0b7b1fb5c7a41452fbb8482"},
    {file = "pymongo-4.3.3-cp37-cp37m-manylinux2014_i686.whl", hash = "sha256:c09956606c08c4a7c6178a04ba2dd9388fcc5db32002ade9c9bc865ab156ab6d"},
    {file = "pymongo-4.3.3-cp37-cp37m-manylinux2014_ppc64le.whl", hash = "sha256:b0cfe925610f2fd59555bb7fc37bd739e4b197d33f2a8b2fae7b9c0c6640318c"},
    {file = "pymongo-4.3.3-cp37-cp37m-manylinux2014_s390x.whl", hash = "sha256:4d00b91c77ceb064c9b0459f0d6ea5bfdbc53ea9e17cf75731e151ef25a830c7"},
    {file = "pymongo-4.3.3-cp37-cp37m-manylinux2014_x86_64.whl", hash = "sha256:c6258a3663780ae47ba73d43eb63c79c40ffddfb764e09b56df33be2f9479837"},
    {file = "pymongo-4.3.3-cp37-cp37m-manylinux_2_17_aarch64.manylinux2014_aarch64.whl", hash = "sha256:c29e758f0e734e1e90357ae01ec9c6daf19ff60a051192fe110d8fb25c62600e"},
    {file = "pymongo-4.3.3-cp37-cp37m-manylinux_2_17_ppc64le.manylinux2014_ppc64le.whl", hash = "sha256:12f3621a46cdc7a9ba8080422262398a91762a581d27e0647746588d3f995c88"},
    {file = "pymongo-4.3.3-cp37-cp37m-manylinux_2_17_s390x.manylinux2014_s390x.whl", hash = "sha256:47f7aa217b25833cd6f0e72b0d224be55393c2692b4f5e0561cb3beeb10296e9"},
    {file = "pymongo-4.3.3-cp37-cp37m-manylinux_2_17_x86_64.manylinux2014_x86_64.whl", hash = "sha256:2c2fdc855149efe7cdcc2a01ca02bfa24761c640203ea94df467f3baf19078be"},
    {file = "pymongo-4.3.3-cp37-cp37m-manylinux_2_5_i686.manylinux1_i686.manylinux_2_17_i686.manylinux2014_i686.whl", hash = "sha256:5effd87c7d363890259eac16c56a4e8da307286012c076223997f8cc4a8c435b"},
    {file = "pymongo-4.3.3-cp37-cp37m-manylinux_2_5_i686.manylinux1_i686.whl", hash = "sha256:6dd1cf2995fdbd64fc0802313e8323f5fa18994d51af059b5b8862b73b5e53f0"},
    {file = "pymongo-4.3.3-cp37-cp37m-manylinux_2_5_x86_64.manylinux1_x86_64.whl", hash = "sha256:bb869707d8e30645ed6766e44098600ca6cdf7989c22a3ea2b7966bb1d98d4b2"},
    {file = "pymongo-4.3.3-cp37-cp37m-win32.whl", hash = "sha256:49210feb0be8051a64d71691f0acbfbedc33e149f0a5d6e271fddf6a12493fed"},
    {file = "pymongo-4.3.3-cp37-cp37m-win_amd64.whl", hash = "sha256:54c377893f2cbbffe39abcff5ff2e917b082c364521fa079305f6f064e1a24a9"},
    {file = "pymongo-4.3.3-cp38-cp38-macosx_10_9_x86_64.whl", hash = "sha256:c184ec5be465c0319440734491e1aa4709b5f3ba75fdfc9dbbc2ae715a7f6829"},
    {file = "pymongo-4.3.3-cp38-cp38-manylinux1_i686.whl", hash = "sha256:dca34367a4e77fcab0693e603a959878eaf2351585e7d752cac544bc6b2dee46"},
    {file = "pymongo-4.3.3-cp38-cp38-manylinux1_x86_64.whl", hash = "sha256:cd6a4afb20fb3c26a7bfd4611a0bbb24d93cbd746f5eb881f114b5e38fd55501"},
    {file = "pymongo-4.3.3-cp38-cp38-manylinux2014_aarch64.whl", hash = "sha256:0c466710871d0026c190fc4141e810cf9d9affbf4935e1d273fbdc7d7cda6143"},
    {file = "pymongo-4.3.3-cp38-cp38-manylinux2014_i686.whl", hash = "sha256:d07d06dba5b5f7d80f9cc45501456e440f759fe79f9895922ed486237ac378a8"},
    {file = "pymongo-4.3.3-cp38-cp38-manylinux2014_ppc64le.whl", hash = "sha256:711bc52cb98e7892c03e9b669bebd89c0a890a90dbc6d5bb2c47f30239bac6e9"},
    {file = "pymongo-4.3.3-cp38-cp38-manylinux2014_s390x.whl", hash = "sha256:34b040e095e1671df0c095ec0b04fc4ebb19c4c160f87c2b55c079b16b1a6b00"},
    {file = "pymongo-4.3.3-cp38-cp38-manylinux2014_x86_64.whl", hash = "sha256:4ed00f96e147f40b565fe7530d1da0b0f3ab803d5dd5b683834500fa5d195ec4"},
    {file = "pymongo-4.3.3-cp38-cp38-manylinux_2_17_aarch64.manylinux2014_aarch64.whl", hash = "sha256:ef888f48eb9203ee1e04b9fb27429017b290fb916f1e7826c2f7808c88798394"},
    {file = "pymongo-4.3.3-cp38-cp38-manylinux_2_17_ppc64le.manylinux2014_ppc64le.whl", hash = "sha256:316498b642c00401370b2156b5233b256f9b33799e0a8d9d0b8a7da217a20fca"},
    {file = "pymongo-4.3.3-cp38-cp38-manylinux_2_17_s390x.manylinux2014_s390x.whl", hash = "sha256:fa7e202feb683dad74f00dea066690448d0cfa310f8a277db06ec8eb466601b5"},
    {file = "pymongo-4.3.3-cp38-cp38-manylinux_2_17_x86_64.manylinux2014_x86_64.whl", hash = "sha256:52896e22115c97f1c829db32aa2760b0d61839cfe08b168c2b1d82f31dbc5f55"},
    {file = "pymongo-4.3.3-cp38-cp38-manylinux_2_5_i686.manylinux1_i686.manylinux_2_17_i686.manylinux2014_i686.whl", hash = "sha256:7c051fe37c96b9878f37fa58906cb53ecd13dcb7341d3a85f1e2e2f6b10782d9"},
    {file = "pymongo-4.3.3-cp38-cp38-manylinux_2_5_i686.manylinux1_i686.whl", hash = "sha256:5134d33286c045393c7beb51be29754647cec5ebc051cf82799c5ce9820a2ca2"},
    {file = "pymongo-4.3.3-cp38-cp38-manylinux_2_5_x86_64.manylinux1_x86_64.whl", hash = "sha256:a9c2885b4a8e6e39db5662d8b02ca6dcec796a45e48c2de12552841f061692ba"},
    {file = "pymongo-4.3.3-cp38-cp38-win32.whl", hash = "sha256:a6cd6f1db75eb07332bd3710f58f5fce4967eadbf751bad653842750a61bda62"},
    {file = "pymongo-4.3.3-cp38-cp38-win_amd64.whl", hash = "sha256:d5571b6978750601f783cea07fb6b666837010ca57e5cefa389c1d456f6222e2"},
    {file = "pymongo-4.3.3-cp39-cp39-macosx_10_9_universal2.whl", hash = "sha256:81d1a7303bd02ca1c5be4aacd4db73593f573ba8e0c543c04c6da6275fd7a47e"},
    {file = "pymongo-4.3.3-cp39-cp39-manylinux1_i686.whl", hash = "sha256:016c412118e1c23fef3a1eada4f83ae6e8844fd91986b2e066fc1b0013cdd9ae"},
    {file = "pymongo-4.3.3-cp39-cp39-manylinux1_x86_64.whl", hash = "sha256:8fd6e191b92a10310f5a6cfe10d6f839d79d192fb02480bda325286bd1c7b385"},
    {file = "pymongo-4.3.3-cp39-cp39-manylinux2014_aarch64.whl", hash = "sha256:e2961b05f9c04a53da8bfc72f1910b6aec7205fcf3ac9c036d24619979bbee4b"},
    {file = "pymongo-4.3.3-cp39-cp39-manylinux2014_i686.whl", hash = "sha256:b38a96b3eed8edc515b38257f03216f382c4389d022a8834667e2bc63c0c0c31"},
    {file = "pymongo-4.3.3-cp39-cp39-manylinux2014_ppc64le.whl", hash = "sha256:c1a70c51da9fa95bd75c167edb2eb3f3c4d27bc4ddd29e588f21649d014ec0b7"},
    {file = "pymongo-4.3.3-cp39-cp39-manylinux2014_s390x.whl", hash = "sha256:8a06a0c02f5606330e8f2e2f3b7949877ca7e4024fa2bff5a4506bec66c49ec7"},
    {file = "pymongo-4.3.3-cp39-cp39-manylinux2014_x86_64.whl", hash = "sha256:6c2216d8b6a6d019c6f4b1ad55f890e5e77eb089309ffc05b6911c09349e7474"},
    {file = "pymongo-4.3.3-cp39-cp39-manylinux_2_17_aarch64.manylinux2014_aarch64.whl", hash = "sha256:eac0a143ef4f28f49670bf89cb15847eb80b375d55eba401ca2f777cd425f338"},
    {file = "pymongo-4.3.3-cp39-cp39-manylinux_2_17_ppc64le.manylinux2014_ppc64le.whl", hash = "sha256:08fc250b5552ee97ceeae0f52d8b04f360291285fc7437f13daa516ce38fdbc6"},
    {file = "pymongo-4.3.3-cp39-cp39-manylinux_2_17_s390x.manylinux2014_s390x.whl", hash = "sha256:704d939656e21b073bfcddd7228b29e0e8a93dd27b54240eaafc0b9a631629a6"},
    {file = "pymongo-4.3.3-cp39-cp39-manylinux_2_17_x86_64.manylinux2014_x86_64.whl", hash = "sha256:1074f1a6f23e28b983c96142f2d45be03ec55d93035b471c26889a7ad2365db3"},
    {file = "pymongo-4.3.3-cp39-cp39-manylinux_2_5_i686.manylinux1_i686.manylinux_2_17_i686.manylinux2014_i686.whl", hash = "sha256:7b16250238de8dafca225647608dddc7bbb5dce3dd53b4d8e63c1cc287394c2f"},
    {file = "pymongo-4.3.3-cp39-cp39-manylinux_2_5_i686.manylinux1_i686.whl", hash = "sha256:7761cacb8745093062695b11574effea69db636c2fd0a9269a1f0183712927b4"},
    {file = "pymongo-4.3.3-cp39-cp39-manylinux_2_5_x86_64.manylinux1_x86_64.whl", hash = "sha256:fd7bb378d82b88387dc10227cfd964f6273eb083e05299e9b97cbe075da12d11"},
    {file = "pymongo-4.3.3-cp39-cp39-win32.whl", hash = "sha256:dc24d245026a72d9b4953729d31813edd4bd4e5c13622d96e27c284942d33f24"},
    {file = "pymongo-4.3.3-cp39-cp39-win_amd64.whl", hash = "sha256:fc28e8d85d392a06434e9a934908d97e2cf453d69488d2bcd0bfb881497fd975"},
    {file = "pymongo-4.3.3.tar.gz", hash = "sha256:34e95ffb0a68bffbc3b437f2d1f25fc916fef3df5cdeed0992da5f42fae9b807"},
]

[package.dependencies]
dnspython = ">=1.16.0,<3.0.0"

[package.extras]
aws = ["pymongo-auth-aws (<2.0.0)"]
encryption = ["pymongo-auth-aws (<2.0.0)", "pymongocrypt (>=1.3.0,<2.0.0)"]
gssapi = ["pykerberos"]
ocsp = ["certifi", "pyopenssl (>=17.2.0)", "requests (<3.0.0)", "service-identity (>=18.1.0)"]
snappy = ["python-snappy"]
zstd = ["zstandard"]

[[package]]
name = "pytest"
version = "8.3.5"
description = "pytest: simple powerful testing with Python"
optional = false
python-versions = ">=3.8"
files = [
    {file = "pytest-8.3.5-py3-none-any.whl", hash = "sha256:c69214aa47deac29fad6c2a4f590b9c4a9fdb16a403176fe154b79c0b4d4d820"},
    {file = "pytest-8.3.5.tar.gz", hash = "sha256:f4efe70cc14e511565ac476b57c279e12a855b11f48f212af1080ef2263d3845"},
]

[package.dependencies]
colorama = {version = "*", markers = "sys_platform == \"win32\""}
exceptiongroup = {version = ">=1.0.0rc8", markers = "python_version < \"3.11\""}
iniconfig = "*"
packaging = "*"
pluggy = ">=1.5,<2"
tomli = {version = ">=1", markers = "python_version < \"3.11\""}

[package.extras]
dev = ["argcomplete", "attrs (>=19.2)", "hypothesis (>=3.56)", "mock", "pygments (>=2.7.2)", "requests", "setuptools", "xmlschema"]

[[package]]
name = "python-decouple"
version = "3.8"
description = "Strict separation of settings from code."
optional = false
python-versions = "*"
files = [
    {file = "python-decouple-3.8.tar.gz", hash = "sha256:ba6e2657d4f376ecc46f77a3a615e058d93ba5e465c01bbe57289bfb7cce680f"},
    {file = "python_decouple-3.8-py3-none-any.whl", hash = "sha256:d0d45340815b25f4de59c974b855bb38d03151d81b037d9e3f463b0c9f8cbd66"},
]

[[package]]
name = "python-telegram-bot"
version = "21.10"
description = "We have made you a wrapper you can't refuse"
optional = false
python-versions = ">=3.9"
files = [
    {file = "python_telegram_bot-21.10-py3-none-any.whl", hash = "sha256:c874d2461d6bfa4b05c314cf6116cf1dafe537689aa8249924dd988603b6ba21"},
    {file = "python_telegram_bot-21.10.tar.gz", hash = "sha256:40481a8c4814ce2e530a21ce45d389695b0b210c5fb9dc75b8529aba8c9e76f8"},
]

[package.dependencies]
apscheduler = {version = ">=3.10.4,<3.12.0", optional = true, markers = "extra == \"job-queue\""}
httpx = ">=0.27,<1.0"

[package.extras]
all = ["aiolimiter (>=1.1,<1.3)", "apscheduler (>=3.10.4,<3.12.0)", "cachetools (>=5.3.3,<5.6.0)", "cffi (>=1.17.0rc1)", "cryptography (>=39.0.1)", "httpx[http2]", "httpx[socks]", "tornado (>=6.4,<7.0)"]
callback-data = ["cachetools (>=5.3.3,<5.6.0)"]
ext = ["aiolimiter (>=1.1,<1.3)", "apscheduler (>=3.10.4,<3.12.0)", "cachetools (>=5.3.3,<5.6.0)", "tornado (>=6.4,<7.0)"]
http2 = ["httpx[http2]"]
job-queue = ["apscheduler (>=3.10.4,<3.12.0)"]
passport = ["cffi (>=1.17.0rc1)", "cryptography (>=39.0.1)"]
rate-limiter = ["aiolimiter (>=1.1,<1.3)"]
socks = ["httpx[socks]"]
webhooks = ["tornado (>=6.4,<7.0)"]

[[package]]
name = "sniffio"
version = "1.3.1"
description = "Sniff out which async library your code is running under"
optional = false
python-versions = ">=3.7"
files = [
    {file = "sniffio-1.3.1-py3-none-any.whl", hash = "sha256:2f6da418d1f1e0fddd844478f41680e794e6051915791a034ff65e5f100525a2"},
    {file = "sniffio-1.3.1.tar.gz", hash = "sha256:f4324edc670a0f49750a81b895f35c3adb843cca46f0530f79fc1babb23789dc"},
]

[[package]]
name = "tomli"
version = "2.2.1"
description = "A lil' TOML parser"
optional = false
python-versions = ">=3.8"
files = [
    {file = "tomli-2.2.1-cp311-cp311-macosx_10_9_x86_64.whl", hash = "sha256:678e4fa69e4575eb77d103de3df8a895e1591b48e740211bd1067378c69e8249"},
    {file = "tomli-2.2.1-cp311-cp311-macosx_11_0_arm64.whl", hash = "sha256:023aa114dd824ade0100497eb2318602af309e5a55595f76b626d6d9f3b7b0a6"},
    {file = "tomli-2.2.1-cp311-cp311-manylinux_2_17_aarch64.manylinux2014_aarch64.whl", hash = "sha256:ece47d672db52ac607a3d9599a9d48dcb2f2f735c6c2d1f34130085bb12b112a"},
    {file = "tomli-2.2.1-cp311-cp311-manylinux_2_17_x86_64.manylinux2014_x86_64.whl", hash = "sha256:6972ca9c9cc9f0acaa56a8ca1ff51e7af152a9f87fb64623e31d5c83700080ee"},
    {file = "tomli-2.2.1-cp311-cp311-manylinux_2_5_i686.manylinux1_i686.manylinux_2_17_i686.manylinux2014_i686.whl", hash = "sha256:c954d2250168d28797dd4e3ac5cf812a406cd5a92674ee4c8f123c889786aa8e"},
    {file = "tomli-2.2.1-cp311-cp311-musllinux_1_2_aarch64.whl", hash = "sha256:8dd28b3e155b80f4d54beb40a441d366adcfe740969820caf156c019fb5c7ec4"},
    {file = "tomli-2.2.1-cp311-cp311-musllinux_1_2_i686.whl", hash = "sha256:e59e304978767a54663af13c07b3d1af22ddee3bb2fb0618ca1593e4f593a106"},
    {file = "tomli-2.2.1-cp311-cp311-musllinux_1_2_x86_64.whl", hash = "sha256:33580bccab0338d00994d7f16f4c4ec25b776af3ffaac1ed74e0b3fc95e885a8"},
    {file = "tomli-2.2.1-cp311-cp311-win32.whl", hash = "sha256:465af0e0875402f1d226519c9904f37254b3045fc5084697cefb9bdde1ff99ff"},
    {file = "tomli-2.2.1-cp311-cp311-win_amd64.whl", hash = "sha256:2d0f2fdd22b02c6d81637a3c95f8cd77f995846af7414c5c4b8d0545afa1bc4b"},
    {file = "tomli-2.2.1-cp312-cp312-macosx_10_13_x86_64.whl", hash = "sha256:4a8f6e44de52d5e6c657c9fe83b562f5f4256d8ebbfe4ff922c495620a7f6cea"},
    {file = "tomli-2.2.1-cp312-cp312-macosx_11_0_arm64.whl", hash = "sha256:8d57ca8095a641b8237d5b079147646153d22552f1c637fd3ba7f4b0b29167a8"},
    {file = "tomli-2.2.1-cp312-cp312-manylinux_2_17_aarch64.manylinux2014_aarch64.whl", hash = "sha256:4e340144ad7ae1533cb897d406382b4b6fede8890a03738ff1683af800d54192"},
    {file = "tomli-2.2.1-cp312-cp312-manylinux_2_17_x86_64.manylinux2014_x86_64.whl", hash = "sha256:db2b95f9de79181805df90bedc5a5ab4c165e6ec3fe99f970d0e302f384ad222"},
    {file = "tomli-2.2.1-cp312-cp312-manylinux_2_5_i686.manylinux1_i686.manylinux_2_17_i686.manylinux2014_i686.whl", hash = "sha256:40741994320b232529c802f8bc86da4e1aa9f413db394617b9a256ae0f9a7f77"},
    {file = "tomli-2.2.1-cp312-cp312-musllinux_1_2_aarch64.whl", hash = "sha256:400e720fe168c0f8521520190686ef8ef033fb19fc493da09779e592861b78c6"},
    {file = "tomli-2.2.1-cp312-cp312-musllinux_1_2_i686.whl", hash = "sha256:02abe224de6ae62c19f090f68da4e27b10af2b93213d36cf44e6e1c5abd19fdd"},
    {file = "tomli-2.2.1-cp312-cp312-musllinux_1_2_x86_64.whl", hash = "sha256:b82ebccc8c8a36f2094e969560a1b836758481f3dc360ce9a3277c65f374285e"},
    {file = "tomli-2.2.1-cp312-cp312-win32.whl", hash = "sha256:889f80ef92701b9dbb224e49ec87c645ce5df3fa2cc548664eb8a25e03127a98"},
    {file = "tomli-2.2.1-cp312-cp312-win_amd64.whl", hash = "sha256:7fc04e92e1d624a4a63c76474610238576942d6b8950a2d7f908a340494e67e4"},
    {file = "tomli-2.2.1-cp313-cp313-macosx_10_13_x86_64.whl", hash = "sha256:f4039b9cbc3048b2416cc57ab3bda989a6fcf9b36cf8937f01a6e731b64f80d7"},
    {file = "tomli-2.2.1-cp313-cp313-macosx_11_0_arm64.whl", hash = "sha256:286f0ca2ffeeb5b9bd4fcc8d6c330534323ec51b2f52da063b11c502da16f30c"},
    {file = "tomli-2.2.1-cp313-cp313-manylinux_2_17_aarch64.manylinux2014_aarch64.whl", hash = "sha256:a92ef1a44547e894e2a17d24e7557a5e85a9e1d0048b0b5e7541f76c5032cb13"},
    {file = "tomli-2.2.1-cp313-cp313-manylinux_2_17_x86_64.manylinux2014_x86_64.whl", hash = "sha256:9316dc65bed1684c9a98ee68759ceaed29d229e985297003e494aa825ebb0281"},
    {file = "tomli-2.2.1-cp313-cp313-manylinux_2_5_i686.manylinux1_i686.manylinux_2_17_i686.manylinux2014_i686.whl", hash = "sha256:e85e99945e688e32d5a35c1ff38ed0b3f41f43fad8df0bdf79f72b2ba7bc5272"},
    {file = "tomli-2.2.1-cp313-cp313-musllinux_1_2_aarch64.whl", hash = "sha256:ac065718db92ca818f8d6141b5f66369833d4a80a9d74435a268c52bdfa73140"},
    {file = "tomli-2.2.1-cp313-cp313-musllinux_1_2_i686.whl", hash = "sha256:d920f33822747519673ee656a4b6ac33e382eca9d331c87770faa3eef562aeb2"},
    {file = "tomli-2.2.1-cp313-cp313-musllinux_1_2_x86_64.whl", hash = "sha256:a198f10c4d1b1375d7687bc25294306e551bf1abfa4eace6650070a5c1ae2744"},
    {file = "tomli-2.2.1-cp313-cp313-win32.whl", hash = "sha256:d3f5614314d758649ab2ab3a62d4f2004c825922f9e370b29416484086b264ec"},
    {file = "tomli-2.2.1-cp313-cp313-win_amd64.whl", hash = "sha256:a38aa0308e754b0e3c67e344754dff64999ff9b513e691d0e786265c93583c69"},
    {file = "tomli-2.2.1-py3-none-any.whl", hash = "sha256:cb55c73c5f4408779d0cf3eef9f762b9c9f147a77de7b258bef0a5628adc85cc"},
    {file = "tomli-2.2.1.tar.gz", hash = "sha256:cd45e1dc79c835ce60f7404ec8119f2eb06d38b1deba146f07ced3bbc44505ff"},
]

[[package]]
name = "typing-extensions"
version = "4.13.2"
description = "Backported and Experimental Type Hints for Python 3.8+"
optional = false
python-versions = ">=3.8"
files = [
    {file = "typing_extensions-4.13.2-py3-none-any.whl", hash = "sha256:a439e7c04b49fec3e5d3e2beaa21755cadbbdc391694e28ccdd36ca4a1408f8c"},
    {file = "typing_extensions-4.13.2.tar.gz", hash = "sha256:e6c81219bd689f51865d9e372991c540bda33a0379d5573cddb9a3a23f7caaef"},
]

[[package]]
name = "tzdata"
version = "2025.2"
description = "Provider of IANA time zone data"
optional = false
python-versions = ">=2"
files = [
    {file = "tzdata-2025.2-py2.py3-none-any.whl", hash = "sha256:1a403fada01ff9221ca8044d701868fa132215d84beb92242d9acd2147f667a8"},
    {file = "tzdata-2025.2.tar.gz", hash = "sha256:b60a638fcc0daffadf82fe0f57e53d06bdec2f36c4df66280ae79bce6bd6f2b9"},
]

[[package]]
name = "tzlocal"
version = "5.3.1"
description = "tzinfo object for the local timezone"
optional = false
python-versions = ">=3.9"
files = [
    {file = "tzlocal-5.3.1-py3-none-any.whl", hash = "sha256:eb1a66c3ef5847adf7a834f1be0800581b683b5608e74f86ecbcef8ab91bb85d"},
    {file = "tzlocal-5.3.1.tar.gz", hash = "sha256:cceffc7edecefea1f595541dbd6e990cb1ea3d19bf01b2809f362a03dd7921fd"},
]

[package.dependencies]
tzdata = {version = "*", markers = "platform_system == \"Windows\""}

[package.extras]
devenv = ["check-manifest", "pytest (>=4.3)", "pytest-cov", "pytest-mock (>=3.3)", "zest.releaser"]

[metadata]
lock-version = "2.0"
python-versions = "^3.10.1 <3.11.0"
content-hash = "66d763f1d7a5a3fd99864d5c3a2e5a3ce3d2a05309c4a4fc2837718a04608476"
